// !$*UTF8*$!
{
	archiveVersion = 1;
	classes = {
	};
	objectVersion = 56;
	objects = {

/* Begin PBXBuildFile section */
		6B83145C29D6FAF800A2F455 /* MarvelerseApp.swift in Sources */ = {isa = PBXBuildFile; fileRef = 6B83145B29D6FAF800A2F455 /* MarvelerseApp.swift */; };
		6B83145E29D6FAF800A2F455 /* ContentView.swift in Sources */ = {isa = PBXBuildFile; fileRef = 6B83145D29D6FAF800A2F455 /* ContentView.swift */; };
		6B83146029D6FAFA00A2F455 /* Assets.xcassets in Resources */ = {isa = PBXBuildFile; fileRef = 6B83145F29D6FAFA00A2F455 /* Assets.xcassets */; };
		6B83146329D6FAFA00A2F455 /* Preview Assets.xcassets in Resources */ = {isa = PBXBuildFile; fileRef = 6B83146229D6FAFA00A2F455 /* Preview Assets.xcassets */; };
		6B83146D29D6FAFA00A2F455 /* MarvelerseTests.swift in Sources */ = {isa = PBXBuildFile; fileRef = 6B83146C29D6FAFA00A2F455 /* MarvelerseTests.swift */; };
		6B83147729D6FAFA00A2F455 /* MarvelerseUITests.swift in Sources */ = {isa = PBXBuildFile; fileRef = 6B83147629D6FAFA00A2F455 /* MarvelerseUITests.swift */; };
		6B83147929D6FAFA00A2F455 /* MarvelerseUITestsLaunchTests.swift in Sources */ = {isa = PBXBuildFile; fileRef = 6B83147829D6FAFA00A2F455 /* MarvelerseUITestsLaunchTests.swift */; };
		6B83148929D7032100A2F455 /* NetworkManager.swift in Sources */ = {isa = PBXBuildFile; fileRef = 6B83148829D7032100A2F455 /* NetworkManager.swift */; };
		6B83148C29D703B200A2F455 /* ApiUtils.swift in Sources */ = {isa = PBXBuildFile; fileRef = 6B83148B29D703B200A2F455 /* ApiUtils.swift */; };
		6B83149029D7040600A2F455 /* HomeView.swift in Sources */ = {isa = PBXBuildFile; fileRef = 6B83148F29D7040600A2F455 /* HomeView.swift */; };
		6B83149329D7088200A2F455 /* secrets.swift in Sources */ = {isa = PBXBuildFile; fileRef = 6B83149229D7088200A2F455 /* secrets.swift */; };
		6B83149829D70A7D00A2F455 /* Character.swift in Sources */ = {isa = PBXBuildFile; fileRef = 6B83149729D70A7D00A2F455 /* Character.swift */; };
		6B83149A29D70A9A00A2F455 /* CharacterViewModel.swift in Sources */ = {isa = PBXBuildFile; fileRef = 6B83149929D70A9A00A2F455 /* CharacterViewModel.swift */; };
		6B83149C29D70ABD00A2F455 /* CharacterView.swift in Sources */ = {isa = PBXBuildFile; fileRef = 6B83149B29D70ABD00A2F455 /* CharacterView.swift */; };
/* End PBXBuildFile section */

/* Begin PBXContainerItemProxy section */
		6B83146929D6FAFA00A2F455 /* PBXContainerItemProxy */ = {
			isa = PBXContainerItemProxy;
			containerPortal = 6B83145029D6FAF800A2F455 /* Project object */;
			proxyType = 1;
			remoteGlobalIDString = 6B83145729D6FAF800A2F455;
			remoteInfo = Marvelerse;
		};
		6B83147329D6FAFA00A2F455 /* PBXContainerItemProxy */ = {
			isa = PBXContainerItemProxy;
			containerPortal = 6B83145029D6FAF800A2F455 /* Project object */;
			proxyType = 1;
			remoteGlobalIDString = 6B83145729D6FAF800A2F455;
			remoteInfo = Marvelerse;
		};
/* End PBXContainerItemProxy section */

/* Begin PBXFileReference section */
		6B83145829D6FAF800A2F455 /* Marvelerse.app */ = {isa = PBXFileReference; explicitFileType = wrapper.application; includeInIndex = 0; path = Marvelerse.app; sourceTree = BUILT_PRODUCTS_DIR; };
		6B83145B29D6FAF800A2F455 /* MarvelerseApp.swift */ = {isa = PBXFileReference; lastKnownFileType = sourcecode.swift; path = MarvelerseApp.swift; sourceTree = "<group>"; };
		6B83145D29D6FAF800A2F455 /* ContentView.swift */ = {isa = PBXFileReference; lastKnownFileType = sourcecode.swift; path = ContentView.swift; sourceTree = "<group>"; };
		6B83145F29D6FAFA00A2F455 /* Assets.xcassets */ = {isa = PBXFileReference; lastKnownFileType = folder.assetcatalog; path = Assets.xcassets; sourceTree = "<group>"; };
		6B83146229D6FAFA00A2F455 /* Preview Assets.xcassets */ = {isa = PBXFileReference; lastKnownFileType = folder.assetcatalog; path = "Preview Assets.xcassets"; sourceTree = "<group>"; };
		6B83146829D6FAFA00A2F455 /* MarvelerseTests.xctest */ = {isa = PBXFileReference; explicitFileType = wrapper.cfbundle; includeInIndex = 0; path = MarvelerseTests.xctest; sourceTree = BUILT_PRODUCTS_DIR; };
		6B83146C29D6FAFA00A2F455 /* MarvelerseTests.swift */ = {isa = PBXFileReference; lastKnownFileType = sourcecode.swift; path = MarvelerseTests.swift; sourceTree = "<group>"; };
		6B83147229D6FAFA00A2F455 /* MarvelerseUITests.xctest */ = {isa = PBXFileReference; explicitFileType = wrapper.cfbundle; includeInIndex = 0; path = MarvelerseUITests.xctest; sourceTree = BUILT_PRODUCTS_DIR; };
		6B83147629D6FAFA00A2F455 /* MarvelerseUITests.swift */ = {isa = PBXFileReference; lastKnownFileType = sourcecode.swift; path = MarvelerseUITests.swift; sourceTree = "<group>"; };
		6B83147829D6FAFA00A2F455 /* MarvelerseUITestsLaunchTests.swift */ = {isa = PBXFileReference; lastKnownFileType = sourcecode.swift; path = MarvelerseUITestsLaunchTests.swift; sourceTree = "<group>"; };
		6B83148829D7032100A2F455 /* NetworkManager.swift */ = {isa = PBXFileReference; lastKnownFileType = sourcecode.swift; path = NetworkManager.swift; sourceTree = "<group>"; };
		6B83148B29D703B200A2F455 /* ApiUtils.swift */ = {isa = PBXFileReference; lastKnownFileType = sourcecode.swift; path = ApiUtils.swift; sourceTree = "<group>"; };
		6B83148F29D7040600A2F455 /* HomeView.swift */ = {isa = PBXFileReference; lastKnownFileType = sourcecode.swift; path = HomeView.swift; sourceTree = "<group>"; };
		6B83149229D7088200A2F455 /* secrets.swift */ = {isa = PBXFileReference; lastKnownFileType = sourcecode.swift; path = secrets.swift; sourceTree = "<group>"; };
		6B83149729D70A7D00A2F455 /* Character.swift */ = {isa = PBXFileReference; lastKnownFileType = sourcecode.swift; path = Character.swift; sourceTree = "<group>"; };
		6B83149929D70A9A00A2F455 /* CharacterViewModel.swift */ = {isa = PBXFileReference; lastKnownFileType = sourcecode.swift; path = CharacterViewModel.swift; sourceTree = "<group>"; };
		6B83149B29D70ABD00A2F455 /* CharacterView.swift */ = {isa = PBXFileReference; lastKnownFileType = sourcecode.swift; path = CharacterView.swift; sourceTree = "<group>"; };
/* End PBXFileReference section */

/* Begin PBXFrameworksBuildPhase section */
		6B83145529D6FAF800A2F455 /* Frameworks */ = {
			isa = PBXFrameworksBuildPhase;
			buildActionMask = 2147483647;
			files = (
			);
			runOnlyForDeploymentPostprocessing = 0;
		};
		6B83146529D6FAFA00A2F455 /* Frameworks */ = {
			isa = PBXFrameworksBuildPhase;
			buildActionMask = 2147483647;
			files = (
			);
			runOnlyForDeploymentPostprocessing = 0;
		};
		6B83146F29D6FAFA00A2F455 /* Frameworks */ = {
			isa = PBXFrameworksBuildPhase;
			buildActionMask = 2147483647;
			files = (
			);
			runOnlyForDeploymentPostprocessing = 0;
		};
/* End PBXFrameworksBuildPhase section */

/* Begin PBXGroup section */
		6B83144F29D6FAF800A2F455 = {
			isa = PBXGroup;
			children = (
				6B83145A29D6FAF800A2F455 /* Marvelerse */,
				6B83146B29D6FAFA00A2F455 /* MarvelerseTests */,
				6B83147529D6FAFA00A2F455 /* MarvelerseUITests */,
				6B83145929D6FAF800A2F455 /* Products */,
			);
			sourceTree = "<group>";
		};
		6B83145929D6FAF800A2F455 /* Products */ = {
			isa = PBXGroup;
			children = (
				6B83145829D6FAF800A2F455 /* Marvelerse.app */,
				6B83146829D6FAFA00A2F455 /* MarvelerseTests.xctest */,
				6B83147229D6FAFA00A2F455 /* MarvelerseUITests.xctest */,
			);
			name = Products;
			sourceTree = "<group>";
		};
		6B83145A29D6FAF800A2F455 /* Marvelerse */ = {
			isa = PBXGroup;
			children = (
				6B83149229D7088200A2F455 /* secrets.swift */,
				6B83148629D7013600A2F455 /* Data */,
				6B83148529D700F500A2F455 /* Features */,
				6B83145B29D6FAF800A2F455 /* MarvelerseApp.swift */,
				6B83145D29D6FAF800A2F455 /* ContentView.swift */,
				6B83145F29D6FAFA00A2F455 /* Assets.xcassets */,
				6B83146129D6FAFA00A2F455 /* Preview Content */,
			);
			path = Marvelerse;
			sourceTree = "<group>";
		};
		6B83146129D6FAFA00A2F455 /* Preview Content */ = {
			isa = PBXGroup;
			children = (
				6B83146229D6FAFA00A2F455 /* Preview Assets.xcassets */,
			);
			path = "Preview Content";
			sourceTree = "<group>";
		};
		6B83146B29D6FAFA00A2F455 /* MarvelerseTests */ = {
			isa = PBXGroup;
			children = (
				6B83146C29D6FAFA00A2F455 /* MarvelerseTests.swift */,
			);
			path = MarvelerseTests;
			sourceTree = "<group>";
		};
		6B83147529D6FAFA00A2F455 /* MarvelerseUITests */ = {
			isa = PBXGroup;
			children = (
				6B83147629D6FAFA00A2F455 /* MarvelerseUITests.swift */,
				6B83147829D6FAFA00A2F455 /* MarvelerseUITestsLaunchTests.swift */,
			);
			path = MarvelerseUITests;
			sourceTree = "<group>";
		};
		6B83148529D700F500A2F455 /* Features */ = {
			isa = PBXGroup;
			children = (
				6B83148E29D703DC00A2F455 /* Home */,
				6B83148D29D703CB00A2F455 /* Characters */,
			);
			path = Features;
			sourceTree = "<group>";
		};
		6B83148629D7013600A2F455 /* Data */ = {
			isa = PBXGroup;
			children = (
				6B83148729D7030700A2F455 /* API */,
			);
			path = Data;
			sourceTree = "<group>";
		};
		6B83148729D7030700A2F455 /* API */ = {
			isa = PBXGroup;
			children = (
				6B83148829D7032100A2F455 /* NetworkManager.swift */,
				6B83148B29D703B200A2F455 /* ApiUtils.swift */,
			);
			path = API;
			sourceTree = "<group>";
		};
		6B83148D29D703CB00A2F455 /* Characters */ = {
			isa = PBXGroup;
			children = (
				6B83149629D70A5A00A2F455 /* ViewModels */,
				6B83149529D70A5500A2F455 /* Models */,
				6B83149429D70A4F00A2F455 /* Views */,
			);
			path = Characters;
			sourceTree = "<group>";
		};
		6B83148E29D703DC00A2F455 /* Home */ = {
			isa = PBXGroup;
			children = (
				6B83149129D7040A00A2F455 /* Views */,
			);
			path = Home;
			sourceTree = "<group>";
		};
		6B83149129D7040A00A2F455 /* Views */ = {
			isa = PBXGroup;
			children = (
				6B83148F29D7040600A2F455 /* HomeView.swift */,
			);
			path = Views;
			sourceTree = "<group>";
		};
		6B83149429D70A4F00A2F455 /* Views */ = {
			isa = PBXGroup;
			children = (
				6B83149B29D70ABD00A2F455 /* CharacterView.swift */,
			);
			path = Views;
			sourceTree = "<group>";
		};
		6B83149529D70A5500A2F455 /* Models */ = {
			isa = PBXGroup;
			children = (
				6B83149729D70A7D00A2F455 /* Character.swift */,
			);
			path = Models;
			sourceTree = "<group>";
		};
		6B83149629D70A5A00A2F455 /* ViewModels */ = {
			isa = PBXGroup;
			children = (
				6B83149929D70A9A00A2F455 /* CharacterViewModel.swift */,
			);
			path = ViewModels;
			sourceTree = "<group>";
		};
/* End PBXGroup section */

/* Begin PBXNativeTarget section */
		6B83145729D6FAF800A2F455 /* Marvelerse */ = {
			isa = PBXNativeTarget;
			buildConfigurationList = 6B83147C29D6FAFA00A2F455 /* Build configuration list for PBXNativeTarget "Marvelerse" */;
			buildPhases = (
				6B83145429D6FAF800A2F455 /* Sources */,
				6B83145529D6FAF800A2F455 /* Frameworks */,
				6B83145629D6FAF800A2F455 /* Resources */,
			);
			buildRules = (
			);
			dependencies = (
			);
			name = Marvelerse;
			productName = Marvelerse;
			productReference = 6B83145829D6FAF800A2F455 /* Marvelerse.app */;
			productType = "com.apple.product-type.application";
		};
		6B83146729D6FAFA00A2F455 /* MarvelerseTests */ = {
			isa = PBXNativeTarget;
			buildConfigurationList = 6B83147F29D6FAFA00A2F455 /* Build configuration list for PBXNativeTarget "MarvelerseTests" */;
			buildPhases = (
				6B83146429D6FAFA00A2F455 /* Sources */,
				6B83146529D6FAFA00A2F455 /* Frameworks */,
				6B83146629D6FAFA00A2F455 /* Resources */,
			);
			buildRules = (
			);
			dependencies = (
				6B83146A29D6FAFA00A2F455 /* PBXTargetDependency */,
			);
			name = MarvelerseTests;
			productName = MarvelerseTests;
			productReference = 6B83146829D6FAFA00A2F455 /* MarvelerseTests.xctest */;
			productType = "com.apple.product-type.bundle.unit-test";
		};
		6B83147129D6FAFA00A2F455 /* MarvelerseUITests */ = {
			isa = PBXNativeTarget;
			buildConfigurationList = 6B83148229D6FAFA00A2F455 /* Build configuration list for PBXNativeTarget "MarvelerseUITests" */;
			buildPhases = (
				6B83146E29D6FAFA00A2F455 /* Sources */,
				6B83146F29D6FAFA00A2F455 /* Frameworks */,
				6B83147029D6FAFA00A2F455 /* Resources */,
			);
			buildRules = (
			);
			dependencies = (
				6B83147429D6FAFA00A2F455 /* PBXTargetDependency */,
			);
			name = MarvelerseUITests;
			productName = MarvelerseUITests;
			productReference = 6B83147229D6FAFA00A2F455 /* MarvelerseUITests.xctest */;
			productType = "com.apple.product-type.bundle.ui-testing";
		};
/* End PBXNativeTarget section */

/* Begin PBXProject section */
		6B83145029D6FAF800A2F455 /* Project object */ = {
			isa = PBXProject;
			attributes = {
				BuildIndependentTargetsInParallel = 1;
				LastSwiftUpdateCheck = 1420;
				LastUpgradeCheck = 1420;
				TargetAttributes = {
					6B83145729D6FAF800A2F455 = {
						CreatedOnToolsVersion = 14.2;
					};
					6B83146729D6FAFA00A2F455 = {
						CreatedOnToolsVersion = 14.2;
						TestTargetID = 6B83145729D6FAF800A2F455;
					};
					6B83147129D6FAFA00A2F455 = {
						CreatedOnToolsVersion = 14.2;
						TestTargetID = 6B83145729D6FAF800A2F455;
					};
				};
			};
			buildConfigurationList = 6B83145329D6FAF800A2F455 /* Build configuration list for PBXProject "Marvelerse" */;
			compatibilityVersion = "Xcode 14.0";
			developmentRegion = en;
			hasScannedForEncodings = 0;
			knownRegions = (
				en,
				Base,
			);
			mainGroup = 6B83144F29D6FAF800A2F455;
			productRefGroup = 6B83145929D6FAF800A2F455 /* Products */;
			projectDirPath = "";
			projectRoot = "";
			targets = (
				6B83145729D6FAF800A2F455 /* Marvelerse */,
				6B83146729D6FAFA00A2F455 /* MarvelerseTests */,
				6B83147129D6FAFA00A2F455 /* MarvelerseUITests */,
			);
		};
/* End PBXProject section */

/* Begin PBXResourcesBuildPhase section */
		6B83145629D6FAF800A2F455 /* Resources */ = {
			isa = PBXResourcesBuildPhase;
			buildActionMask = 2147483647;
			files = (
				6B83146329D6FAFA00A2F455 /* Preview Assets.xcassets in Resources */,
				6B83146029D6FAFA00A2F455 /* Assets.xcassets in Resources */,
			);
			runOnlyForDeploymentPostprocessing = 0;
		};
		6B83146629D6FAFA00A2F455 /* Resources */ = {
			isa = PBXResourcesBuildPhase;
			buildActionMask = 2147483647;
			files = (
			);
			runOnlyForDeploymentPostprocessing = 0;
		};
		6B83147029D6FAFA00A2F455 /* Resources */ = {
			isa = PBXResourcesBuildPhase;
			buildActionMask = 2147483647;
			files = (
			);
			runOnlyForDeploymentPostprocessing = 0;
		};
/* End PBXResourcesBuildPhase section */

/* Begin PBXSourcesBuildPhase section */
		6B83145429D6FAF800A2F455 /* Sources */ = {
			isa = PBXSourcesBuildPhase;
			buildActionMask = 2147483647;
			files = (
				6B83148C29D703B200A2F455 /* ApiUtils.swift in Sources */,
				6B83148929D7032100A2F455 /* NetworkManager.swift in Sources */,
				6B83149829D70A7D00A2F455 /* Character.swift in Sources */,
				6B83149029D7040600A2F455 /* HomeView.swift in Sources */,
				6B83149A29D70A9A00A2F455 /* CharacterViewModel.swift in Sources */,
				6B83145E29D6FAF800A2F455 /* ContentView.swift in Sources */,
				6B83149C29D70ABD00A2F455 /* CharacterView.swift in Sources */,
				6B83145C29D6FAF800A2F455 /* MarvelerseApp.swift in Sources */,
				6B83149329D7088200A2F455 /* secrets.swift in Sources */,
			);
			runOnlyForDeploymentPostprocessing = 0;
		};
		6B83146429D6FAFA00A2F455 /* Sources */ = {
			isa = PBXSourcesBuildPhase;
			buildActionMask = 2147483647;
			files = (
				6B83146D29D6FAFA00A2F455 /* MarvelerseTests.swift in Sources */,
			);
			runOnlyForDeploymentPostprocessing = 0;
		};
		6B83146E29D6FAFA00A2F455 /* Sources */ = {
			isa = PBXSourcesBuildPhase;
			buildActionMask = 2147483647;
			files = (
				6B83147929D6FAFA00A2F455 /* MarvelerseUITestsLaunchTests.swift in Sources */,
				6B83147729D6FAFA00A2F455 /* MarvelerseUITests.swift in Sources */,
			);
			runOnlyForDeploymentPostprocessing = 0;
		};
/* End PBXSourcesBuildPhase section */

/* Begin PBXTargetDependency section */
		6B83146A29D6FAFA00A2F455 /* PBXTargetDependency */ = {
			isa = PBXTargetDependency;
			target = 6B83145729D6FAF800A2F455 /* Marvelerse */;
			targetProxy = 6B83146929D6FAFA00A2F455 /* PBXContainerItemProxy */;
		};
		6B83147429D6FAFA00A2F455 /* PBXTargetDependency */ = {
			isa = PBXTargetDependency;
			target = 6B83145729D6FAF800A2F455 /* Marvelerse */;
			targetProxy = 6B83147329D6FAFA00A2F455 /* PBXContainerItemProxy */;
		};
/* End PBXTargetDependency section */

/* Begin XCBuildConfiguration section */
		6B83147A29D6FAFA00A2F455 /* Debug */ = {
			isa = XCBuildConfiguration;
			buildSettings = {
				ALWAYS_SEARCH_USER_PATHS = NO;
				CLANG_ANALYZER_NONNULL = YES;
				CLANG_ANALYZER_NUMBER_OBJECT_CONVERSION = YES_AGGRESSIVE;
				CLANG_CXX_LANGUAGE_STANDARD = "gnu++20";
				CLANG_ENABLE_MODULES = YES;
				CLANG_ENABLE_OBJC_ARC = YES;
				CLANG_ENABLE_OBJC_WEAK = YES;
				CLANG_WARN_BLOCK_CAPTURE_AUTORELEASING = YES;
				CLANG_WARN_BOOL_CONVERSION = YES;
				CLANG_WARN_COMMA = YES;
				CLANG_WARN_CONSTANT_CONVERSION = YES;
				CLANG_WARN_DEPRECATED_OBJC_IMPLEMENTATIONS = YES;
				CLANG_WARN_DIRECT_OBJC_ISA_USAGE = YES_ERROR;
				CLANG_WARN_DOCUMENTATION_COMMENTS = YES;
				CLANG_WARN_EMPTY_BODY = YES;
				CLANG_WARN_ENUM_CONVERSION = YES;
				CLANG_WARN_INFINITE_RECURSION = YES;
				CLANG_WARN_INT_CONVERSION = YES;
				CLANG_WARN_NON_LITERAL_NULL_CONVERSION = YES;
				CLANG_WARN_OBJC_IMPLICIT_RETAIN_SELF = YES;
				CLANG_WARN_OBJC_LITERAL_CONVERSION = YES;
				CLANG_WARN_OBJC_ROOT_CLASS = YES_ERROR;
				CLANG_WARN_QUOTED_INCLUDE_IN_FRAMEWORK_HEADER = YES;
				CLANG_WARN_RANGE_LOOP_ANALYSIS = YES;
				CLANG_WARN_STRICT_PROTOTYPES = YES;
				CLANG_WARN_SUSPICIOUS_MOVE = YES;
				CLANG_WARN_UNGUARDED_AVAILABILITY = YES_AGGRESSIVE;
				CLANG_WARN_UNREACHABLE_CODE = YES;
				CLANG_WARN__DUPLICATE_METHOD_MATCH = YES;
				COPY_PHASE_STRIP = NO;
				DEBUG_INFORMATION_FORMAT = dwarf;
				ENABLE_STRICT_OBJC_MSGSEND = YES;
				ENABLE_TESTABILITY = YES;
				GCC_C_LANGUAGE_STANDARD = gnu11;
				GCC_DYNAMIC_NO_PIC = NO;
				GCC_NO_COMMON_BLOCKS = YES;
				GCC_OPTIMIZATION_LEVEL = 0;
				GCC_PREPROCESSOR_DEFINITIONS = (
					"DEBUG=1",
					"$(inherited)",
				);
				GCC_WARN_64_TO_32_BIT_CONVERSION = YES;
				GCC_WARN_ABOUT_RETURN_TYPE = YES_ERROR;
				GCC_WARN_UNDECLARED_SELECTOR = YES;
				GCC_WARN_UNINITIALIZED_AUTOS = YES_AGGRESSIVE;
				GCC_WARN_UNUSED_FUNCTION = YES;
				GCC_WARN_UNUSED_VARIABLE = YES;
				IPHONEOS_DEPLOYMENT_TARGET = 16.2;
				MTL_ENABLE_DEBUG_INFO = INCLUDE_SOURCE;
				MTL_FAST_MATH = YES;
				ONLY_ACTIVE_ARCH = YES;
				SDKROOT = iphoneos;
				SWIFT_ACTIVE_COMPILATION_CONDITIONS = DEBUG;
				SWIFT_OPTIMIZATION_LEVEL = "-Onone";
			};
			name = Debug;
		};
		6B83147B29D6FAFA00A2F455 /* Release */ = {
			isa = XCBuildConfiguration;
			buildSettings = {
				ALWAYS_SEARCH_USER_PATHS = NO;
				CLANG_ANALYZER_NONNULL = YES;
				CLANG_ANALYZER_NUMBER_OBJECT_CONVERSION = YES_AGGRESSIVE;
				CLANG_CXX_LANGUAGE_STANDARD = "gnu++20";
				CLANG_ENABLE_MODULES = YES;
				CLANG_ENABLE_OBJC_ARC = YES;
				CLANG_ENABLE_OBJC_WEAK = YES;
				CLANG_WARN_BLOCK_CAPTURE_AUTORELEASING = YES;
				CLANG_WARN_BOOL_CONVERSION = YES;
				CLANG_WARN_COMMA = YES;
				CLANG_WARN_CONSTANT_CONVERSION = YES;
				CLANG_WARN_DEPRECATED_OBJC_IMPLEMENTATIONS = YES;
				CLANG_WARN_DIRECT_OBJC_ISA_USAGE = YES_ERROR;
				CLANG_WARN_DOCUMENTATION_COMMENTS = YES;
				CLANG_WARN_EMPTY_BODY = YES;
				CLANG_WARN_ENUM_CONVERSION = YES;
				CLANG_WARN_INFINITE_RECURSION = YES;
				CLANG_WARN_INT_CONVERSION = YES;
				CLANG_WARN_NON_LITERAL_NULL_CONVERSION = YES;
				CLANG_WARN_OBJC_IMPLICIT_RETAIN_SELF = YES;
				CLANG_WARN_OBJC_LITERAL_CONVERSION = YES;
				CLANG_WARN_OBJC_ROOT_CLASS = YES_ERROR;
				CLANG_WARN_QUOTED_INCLUDE_IN_FRAMEWORK_HEADER = YES;
				CLANG_WARN_RANGE_LOOP_ANALYSIS = YES;
				CLANG_WARN_STRICT_PROTOTYPES = YES;
				CLANG_WARN_SUSPICIOUS_MOVE = YES;
				CLANG_WARN_UNGUARDED_AVAILABILITY = YES_AGGRESSIVE;
				CLANG_WARN_UNREACHABLE_CODE = YES;
				CLANG_WARN__DUPLICATE_METHOD_MATCH = YES;
				COPY_PHASE_STRIP = NO;
				DEBUG_INFORMATION_FORMAT = "dwarf-with-dsym";
				ENABLE_NS_ASSERTIONS = NO;
				ENABLE_STRICT_OBJC_MSGSEND = YES;
				GCC_C_LANGUAGE_STANDARD = gnu11;
				GCC_NO_COMMON_BLOCKS = YES;
				GCC_WARN_64_TO_32_BIT_CONVERSION = YES;
				GCC_WARN_ABOUT_RETURN_TYPE = YES_ERROR;
				GCC_WARN_UNDECLARED_SELECTOR = YES;
				GCC_WARN_UNINITIALIZED_AUTOS = YES_AGGRESSIVE;
				GCC_WARN_UNUSED_FUNCTION = YES;
				GCC_WARN_UNUSED_VARIABLE = YES;
				IPHONEOS_DEPLOYMENT_TARGET = 16.2;
				MTL_ENABLE_DEBUG_INFO = NO;
				MTL_FAST_MATH = YES;
				SDKROOT = iphoneos;
				SWIFT_COMPILATION_MODE = wholemodule;
				SWIFT_OPTIMIZATION_LEVEL = "-O";
				VALIDATE_PRODUCT = YES;
			};
			name = Release;
		};
		6B83147D29D6FAFA00A2F455 /* Debug */ = {
			isa = XCBuildConfiguration;
			buildSettings = {
				ASSETCATALOG_COMPILER_APPICON_NAME = AppIcon;
				ASSETCATALOG_COMPILER_GLOBAL_ACCENT_COLOR_NAME = AccentColor;
				CODE_SIGN_STYLE = Automatic;
				CURRENT_PROJECT_VERSION = 1;
				DEVELOPMENT_ASSET_PATHS = "\"Marvelerse/Preview Content\"";
				DEVELOPMENT_TEAM = CRT2V57U48;
				ENABLE_PREVIEWS = YES;
				GENERATE_INFOPLIST_FILE = YES;
				INFOPLIST_KEY_UIApplicationSceneManifest_Generation = YES;
				INFOPLIST_KEY_UIApplicationSupportsIndirectInputEvents = YES;
				INFOPLIST_KEY_UILaunchScreen_Generation = YES;
				INFOPLIST_KEY_UISupportedInterfaceOrientations_iPad = "UIInterfaceOrientationPortrait UIInterfaceOrientationPortraitUpsideDown UIInterfaceOrientationLandscapeLeft UIInterfaceOrientationLandscapeRight";
				INFOPLIST_KEY_UISupportedInterfaceOrientations_iPhone = "UIInterfaceOrientationPortrait UIInterfaceOrientationLandscapeLeft UIInterfaceOrientationLandscapeRight";
				LD_RUNPATH_SEARCH_PATHS = (
					"$(inherited)",
					"@executable_path/Frameworks",
				);
				MARKETING_VERSION = 1.0;
				PRODUCT_BUNDLE_IDENTIFIER = test.Marvelerse;
				PRODUCT_NAME = "$(TARGET_NAME)";
				SWIFT_EMIT_LOC_STRINGS = YES;
				SWIFT_VERSION = 5.0;
				TARGETED_DEVICE_FAMILY = "1,2";
			};
			name = Debug;
		};
		6B83147E29D6FAFA00A2F455 /* Release */ = {
			isa = XCBuildConfiguration;
			buildSettings = {
				ASSETCATALOG_COMPILER_APPICON_NAME = AppIcon;
				ASSETCATALOG_COMPILER_GLOBAL_ACCENT_COLOR_NAME = AccentColor;
				CODE_SIGN_STYLE = Automatic;
				CURRENT_PROJECT_VERSION = 1;
				DEVELOPMENT_ASSET_PATHS = "\"Marvelerse/Preview Content\"";
				DEVELOPMENT_TEAM = CRT2V57U48;
				ENABLE_PREVIEWS = YES;
				GENERATE_INFOPLIST_FILE = YES;
				INFOPLIST_KEY_UIApplicationSceneManifest_Generation = YES;
				INFOPLIST_KEY_UIApplicationSupportsIndirectInputEvents = YES;
				INFOPLIST_KEY_UILaunchScreen_Generation = YES;
				INFOPLIST_KEY_UISupportedInterfaceOrientations_iPad = "UIInterfaceOrientationPortrait UIInterfaceOrientationPortraitUpsideDown UIInterfaceOrientationLandscapeLeft UIInterfaceOrientationLandscapeRight";
				INFOPLIST_KEY_UISupportedInterfaceOrientations_iPhone = "UIInterfaceOrientationPortrait UIInterfaceOrientationLandscapeLeft UIInterfaceOrientationLandscapeRight";
				LD_RUNPATH_SEARCH_PATHS = (
					"$(inherited)",
					"@executable_path/Frameworks",
				);
				MARKETING_VERSION = 1.0;
				PRODUCT_BUNDLE_IDENTIFIER = test.Marvelerse;
				PRODUCT_NAME = "$(TARGET_NAME)";
				SWIFT_EMIT_LOC_STRINGS = YES;
				SWIFT_VERSION = 5.0;
				TARGETED_DEVICE_FAMILY = "1,2";
			};
			name = Release;
		};
		6B83148029D6FAFA00A2F455 /* Debug */ = {
			isa = XCBuildConfiguration;
			buildSettings = {
				ALWAYS_EMBED_SWIFT_STANDARD_LIBRARIES = YES;
				BUNDLE_LOADER = "$(TEST_HOST)";
				CODE_SIGN_STYLE = Automatic;
				CURRENT_PROJECT_VERSION = 1;
				DEVELOPMENT_TEAM = CRT2V57U48;
				GENERATE_INFOPLIST_FILE = YES;
				IPHONEOS_DEPLOYMENT_TARGET = 16.2;
				MARKETING_VERSION = 1.0;
				PRODUCT_BUNDLE_IDENTIFIER = test.MarvelerseTests;
				PRODUCT_NAME = "$(TARGET_NAME)";
				SWIFT_EMIT_LOC_STRINGS = NO;
				SWIFT_VERSION = 5.0;
				TARGETED_DEVICE_FAMILY = "1,2";
				TEST_HOST = "$(BUILT_PRODUCTS_DIR)/Marvelerse.app/$(BUNDLE_EXECUTABLE_FOLDER_PATH)/Marvelerse";
			};
			name = Debug;
		};
		6B83148129D6FAFA00A2F455 /* Release */ = {
			isa = XCBuildConfiguration;
			buildSettings = {
				ALWAYS_EMBED_SWIFT_STANDARD_LIBRARIES = YES;
				BUNDLE_LOADER = "$(TEST_HOST)";
				CODE_SIGN_STYLE = Automatic;
				CURRENT_PROJECT_VERSION = 1;
				DEVELOPMENT_TEAM = CRT2V57U48;
				GENERATE_INFOPLIST_FILE = YES;
				IPHONEOS_DEPLOYMENT_TARGET = 16.2;
				MARKETING_VERSION = 1.0;
				PRODUCT_BUNDLE_IDENTIFIER = test.MarvelerseTests;
				PRODUCT_NAME = "$(TARGET_NAME)";
				SWIFT_EMIT_LOC_STRINGS = NO;
				SWIFT_VERSION = 5.0;
				TARGETED_DEVICE_FAMILY = "1,2";
				TEST_HOST = "$(BUILT_PRODUCTS_DIR)/Marvelerse.app/$(BUNDLE_EXECUTABLE_FOLDER_PATH)/Marvelerse";
			};
			name = Release;
		};
		6B83148329D6FAFA00A2F455 /* Debug */ = {
			isa = XCBuildConfiguration;
			buildSettings = {
				ALWAYS_EMBED_SWIFT_STANDARD_LIBRARIES = YES;
				CODE_SIGN_STYLE = Automatic;
				CURRENT_PROJECT_VERSION = 1;
				DEVELOPMENT_TEAM = CRT2V57U48;
				GENERATE_INFOPLIST_FILE = YES;
				MARKETING_VERSION = 1.0;
				PRODUCT_BUNDLE_IDENTIFIER = test.MarvelerseUITests;
				PRODUCT_NAME = "$(TARGET_NAME)";
				SWIFT_EMIT_LOC_STRINGS = NO;
				SWIFT_VERSION = 5.0;
				TARGETED_DEVICE_FAMILY = "1,2";
				TEST_TARGET_NAME = Marvelerse;
			};
			name = Debug;
		};
		6B83148429D6FAFA00A2F455 /* Release */ = {
			isa = XCBuildConfiguration;
			buildSettings = {
				ALWAYS_EMBED_SWIFT_STANDARD_LIBRARIES = YES;
				CODE_SIGN_STYLE = Automatic;
				CURRENT_PROJECT_VERSION = 1;
				DEVELOPMENT_TEAM = CRT2V57U48;
				GENERATE_INFOPLIST_FILE = YES;
				MARKETING_VERSION = 1.0;
				PRODUCT_BUNDLE_IDENTIFIER = test.MarvelerseUITests;
				PRODUCT_NAME = "$(TARGET_NAME)";
				SWIFT_EMIT_LOC_STRINGS = NO;
				SWIFT_VERSION = 5.0;
				TARGETED_DEVICE_FAMILY = "1,2";
				TEST_TARGET_NAME = Marvelerse;
			};
			name = Release;
		};
/* End XCBuildConfiguration section */

/* Begin XCConfigurationList section */
		6B83145329D6FAF800A2F455 /* Build configuration list for PBXProject "Marvelerse" */ = {
			isa = XCConfigurationList;
			buildConfigurations = (
				6B83147A29D6FAFA00A2F455 /* Debug */,
				6B83147B29D6FAFA00A2F455 /* Release */,
			);
			defaultConfigurationIsVisible = 0;
			defaultConfigurationName = Release;
		};
		6B83147C29D6FAFA00A2F455 /* Build configuration list for PBXNativeTarget "Marvelerse" */ = {
			isa = XCConfigurationList;
			buildConfigurations = (
				6B83147D29D6FAFA00A2F455 /* Debug */,
				6B83147E29D6FAFA00A2F455 /* Release */,
			);
			defaultConfigurationIsVisible = 0;
			defaultConfigurationName = Release;
		};
		6B83147F29D6FAFA00A2F455 /* Build configuration list for PBXNativeTarget "MarvelerseTests" */ = {
			isa = XCConfigurationList;
			buildConfigurations = (
				6B83148029D6FAFA00A2F455 /* Debug */,
				6B83148129D6FAFA00A2F455 /* Release */,
			);
			defaultConfigurationIsVisible = 0;
			defaultConfigurationName = Release;
		};
		6B83148229D6FAFA00A2F455 /* Build configuration list for PBXNativeTarget "MarvelerseUITests" */ = {
			isa = XCConfigurationList;
			buildConfigurations = (
				6B83148329D6FAFA00A2F455 /* Debug */,
				6B83148429D6FAFA00A2F455 /* Release */,
			);
			defaultConfigurationIsVisible = 0;
			defaultConfigurationName = Release;
		};
/* End XCConfigurationList section */
	};
	rootObject = 6B83145029D6FAF800A2F455 /* Project object */;
}
